// !$*UTF8*$!
{
	archiveVersion = 1;
	classes = {
	};
	objectVersion = 56;
	objects = {

/* Begin PBXBuildFile section */
		D6175B922AED033F00B8E7B8 /* MotomenderApp.swift in Sources */ = {isa = PBXBuildFile; fileRef = D6175B912AED033F00B8E7B8 /* MotomenderApp.swift */; };
		D6175B962AED034200B8E7B8 /* Assets.xcassets in Resources */ = {isa = PBXBuildFile; fileRef = D6175B952AED034200B8E7B8 /* Assets.xcassets */; };
		D6175B992AED034200B8E7B8 /* Preview Assets.xcassets in Resources */ = {isa = PBXBuildFile; fileRef = D6175B982AED034200B8E7B8 /* Preview Assets.xcassets */; };
		D6567C952AFF7EF100CE2789 /* MotomenderTabView.swift in Sources */ = {isa = PBXBuildFile; fileRef = D6567C942AFF7EF100CE2789 /* MotomenderTabView.swift */; };
		D6567C972AFF7F5600CE2789 /* AccountView.swift in Sources */ = {isa = PBXBuildFile; fileRef = D6567C962AFF7F5600CE2789 /* AccountView.swift */; };
		D6567CA52AFF814300CE2789 /* MotorcycleListView.swift in Sources */ = {isa = PBXBuildFile; fileRef = D6567CA42AFF814300CE2789 /* MotorcycleListView.swift */; };
		D6567CA72AFF832100CE2789 /* ActivityListView.swift in Sources */ = {isa = PBXBuildFile; fileRef = D6567CA62AFF832100CE2789 /* ActivityListView.swift */; };
		D6567CA92AFF85C900CE2789 /* ActivityListCell.swift in Sources */ = {isa = PBXBuildFile; fileRef = D6567CA82AFF85C900CE2789 /* ActivityListCell.swift */; };
		D6567CAE2AFF8E6100CE2789 /* MotorcycleListCell.swift in Sources */ = {isa = PBXBuildFile; fileRef = D6567CAD2AFF8E6100CE2789 /* MotorcycleListCell.swift */; };
		D6567CB22AFF91E600CE2789 /* ActivityDetailsView.swift in Sources */ = {isa = PBXBuildFile; fileRef = D6567CB12AFF91E600CE2789 /* ActivityDetailsView.swift */; };
		D6567CB42B00065800CE2789 /* MotorcycleDetailsView.swift in Sources */ = {isa = PBXBuildFile; fileRef = D6567CB32B00065800CE2789 /* MotorcycleDetailsView.swift */; };
		D6567CB72B00072000CE2789 /* MotorcyleCreateFormSheet.swift in Sources */ = {isa = PBXBuildFile; fileRef = D6567CB62B00072000CE2789 /* MotorcyleCreateFormSheet.swift */; };
		D6567CB92B00125A00CE2789 /* ActivityCreateFormSheet.swift in Sources */ = {isa = PBXBuildFile; fileRef = D6567CB82B00125A00CE2789 /* ActivityCreateFormSheet.swift */; };
		D6567CBB2B00E55E00CE2789 /* Activity.swift in Sources */ = {isa = PBXBuildFile; fileRef = D6567CBA2B00E55E00CE2789 /* Activity.swift */; };
		D6567CBD2B00E60000CE2789 /* Motorcycle.swift in Sources */ = {isa = PBXBuildFile; fileRef = D6567CBC2B00E60000CE2789 /* Motorcycle.swift */; };
		D6567CBF2B00E91D00CE2789 /* ActivityListViewModel.swift in Sources */ = {isa = PBXBuildFile; fileRef = D6567CBE2B00E91D00CE2789 /* ActivityListViewModel.swift */; };
		D6567CC12B01570D00CE2789 /* ActivityUpdateFormSheet.swift in Sources */ = {isa = PBXBuildFile; fileRef = D6567CC02B01570D00CE2789 /* ActivityUpdateFormSheet.swift */; };
		D6567CC32B015F8400CE2789 /* MotorcycleListViewModel.swift in Sources */ = {isa = PBXBuildFile; fileRef = D6567CC22B015F8400CE2789 /* MotorcycleListViewModel.swift */; };
		D6567CC52B01777900CE2789 /* MotorcycleUpdateFormSheet.swift in Sources */ = {isa = PBXBuildFile; fileRef = D6567CC42B01777800CE2789 /* MotorcycleUpdateFormSheet.swift */; };
/* End PBXBuildFile section */

/* Begin PBXFileReference section */
		D6175B8E2AED033F00B8E7B8 /* Motomender.app */ = {isa = PBXFileReference; explicitFileType = wrapper.application; includeInIndex = 0; path = Motomender.app; sourceTree = BUILT_PRODUCTS_DIR; };
		D6175B912AED033F00B8E7B8 /* MotomenderApp.swift */ = {isa = PBXFileReference; lastKnownFileType = sourcecode.swift; path = MotomenderApp.swift; sourceTree = "<group>"; };
		D6175B952AED034200B8E7B8 /* Assets.xcassets */ = {isa = PBXFileReference; lastKnownFileType = folder.assetcatalog; path = Assets.xcassets; sourceTree = "<group>"; };
		D6175B982AED034200B8E7B8 /* Preview Assets.xcassets */ = {isa = PBXFileReference; lastKnownFileType = folder.assetcatalog; path = "Preview Assets.xcassets"; sourceTree = "<group>"; };
		D6567C942AFF7EF100CE2789 /* MotomenderTabView.swift */ = {isa = PBXFileReference; lastKnownFileType = sourcecode.swift; path = MotomenderTabView.swift; sourceTree = "<group>"; };
		D6567C962AFF7F5600CE2789 /* AccountView.swift */ = {isa = PBXFileReference; lastKnownFileType = sourcecode.swift; path = AccountView.swift; sourceTree = "<group>"; };
		D6567CA42AFF814300CE2789 /* MotorcycleListView.swift */ = {isa = PBXFileReference; lastKnownFileType = sourcecode.swift; path = MotorcycleListView.swift; sourceTree = "<group>"; };
		D6567CA62AFF832100CE2789 /* ActivityListView.swift */ = {isa = PBXFileReference; lastKnownFileType = sourcecode.swift; path = ActivityListView.swift; sourceTree = "<group>"; };
		D6567CA82AFF85C900CE2789 /* ActivityListCell.swift */ = {isa = PBXFileReference; lastKnownFileType = sourcecode.swift; path = ActivityListCell.swift; sourceTree = "<group>"; };
		D6567CAD2AFF8E6100CE2789 /* MotorcycleListCell.swift */ = {isa = PBXFileReference; lastKnownFileType = sourcecode.swift; path = MotorcycleListCell.swift; sourceTree = "<group>"; };
		D6567CB12AFF91E600CE2789 /* ActivityDetailsView.swift */ = {isa = PBXFileReference; lastKnownFileType = sourcecode.swift; path = ActivityDetailsView.swift; sourceTree = "<group>"; };
		D6567CB32B00065800CE2789 /* MotorcycleDetailsView.swift */ = {isa = PBXFileReference; lastKnownFileType = sourcecode.swift; path = MotorcycleDetailsView.swift; sourceTree = "<group>"; };
		D6567CB62B00072000CE2789 /* MotorcyleCreateFormSheet.swift */ = {isa = PBXFileReference; lastKnownFileType = sourcecode.swift; path = MotorcyleCreateFormSheet.swift; sourceTree = "<group>"; };
		D6567CB82B00125A00CE2789 /* ActivityCreateFormSheet.swift */ = {isa = PBXFileReference; lastKnownFileType = sourcecode.swift; path = ActivityCreateFormSheet.swift; sourceTree = "<group>"; };
		D6567CBA2B00E55E00CE2789 /* Activity.swift */ = {isa = PBXFileReference; lastKnownFileType = sourcecode.swift; path = Activity.swift; sourceTree = "<group>"; };
		D6567CBC2B00E60000CE2789 /* Motorcycle.swift */ = {isa = PBXFileReference; lastKnownFileType = sourcecode.swift; path = Motorcycle.swift; sourceTree = "<group>"; };
		D6567CBE2B00E91D00CE2789 /* ActivityListViewModel.swift */ = {isa = PBXFileReference; lastKnownFileType = sourcecode.swift; path = ActivityListViewModel.swift; sourceTree = "<group>"; };
		D6567CC02B01570D00CE2789 /* ActivityUpdateFormSheet.swift */ = {isa = PBXFileReference; lastKnownFileType = sourcecode.swift; path = ActivityUpdateFormSheet.swift; sourceTree = "<group>"; };
		D6567CC22B015F8400CE2789 /* MotorcycleListViewModel.swift */ = {isa = PBXFileReference; lastKnownFileType = sourcecode.swift; path = MotorcycleListViewModel.swift; sourceTree = "<group>"; };
		D6567CC42B01777800CE2789 /* MotorcycleUpdateFormSheet.swift */ = {isa = PBXFileReference; lastKnownFileType = sourcecode.swift; path = MotorcycleUpdateFormSheet.swift; sourceTree = "<group>"; };
/* End PBXFileReference section */

/* Begin PBXFrameworksBuildPhase section */
		D6175B8B2AED033F00B8E7B8 /* Frameworks */ = {
			isa = PBXFrameworksBuildPhase;
			buildActionMask = 2147483647;
			files = (
			);
			runOnlyForDeploymentPostprocessing = 0;
		};
/* End PBXFrameworksBuildPhase section */

/* Begin PBXGroup section */
		D6175B852AED033F00B8E7B8 = {
			isa = PBXGroup;
			children = (
				D6175B902AED033F00B8E7B8 /* Motomender */,
				D6175B8F2AED033F00B8E7B8 /* Products */,
			);
			sourceTree = "<group>";
		};
		D6175B8F2AED033F00B8E7B8 /* Products */ = {
			isa = PBXGroup;
			children = (
				D6175B8E2AED033F00B8E7B8 /* Motomender.app */,
			);
			name = Products;
			sourceTree = "<group>";
		};
		D6175B902AED033F00B8E7B8 /* Motomender */ = {
			isa = PBXGroup;
			children = (
				D6567CA12AFF80C600CE2789 /* Views */,
				D6567CA02AFF80A100CE2789 /* Models */,
				D6567C9C2AFF805C00CE2789 /* Utilities */,
				D6567C982AFF7FEB00CE2789 /* Screens */,
				D6175B912AED033F00B8E7B8 /* MotomenderApp.swift */,
				D6175B952AED034200B8E7B8 /* Assets.xcassets */,
				D6175B972AED034200B8E7B8 /* Preview Content */,
			);
			path = Motomender;
			sourceTree = "<group>";
		};
		D6175B972AED034200B8E7B8 /* Preview Content */ = {
			isa = PBXGroup;
			children = (
				D6175B982AED034200B8E7B8 /* Preview Assets.xcassets */,
			);
			path = "Preview Content";
			sourceTree = "<group>";
		};
		D6567C982AFF7FEB00CE2789 /* Screens */ = {
			isa = PBXGroup;
			children = (
				D6567C942AFF7EF100CE2789 /* MotomenderTabView.swift */,
				D6567C9B2AFF801A00CE2789 /* MotorcycleListView */,
				D6567C9A2AFF800700CE2789 /* ActivityListView */,
				D6567CB02AFF918A00CE2789 /* ActivityDetailsView */,
				D6567CAF2AFF917F00CE2789 /* MotorcycleDetailsView */,
				D6567C992AFF7FF800CE2789 /* AccountView */,
			);
			path = Screens;
			sourceTree = "<group>";
		};
		D6567C992AFF7FF800CE2789 /* AccountView */ = {
			isa = PBXGroup;
			children = (
				D6567C962AFF7F5600CE2789 /* AccountView.swift */,
			);
			path = AccountView;
			sourceTree = "<group>";
		};
		D6567C9A2AFF800700CE2789 /* ActivityListView */ = {
			isa = PBXGroup;
			children = (
				D6567CA62AFF832100CE2789 /* ActivityListView.swift */,
				D6567CBE2B00E91D00CE2789 /* ActivityListViewModel.swift */,
			);
			path = ActivityListView;
			sourceTree = "<group>";
		};
		D6567C9B2AFF801A00CE2789 /* MotorcycleListView */ = {
			isa = PBXGroup;
			children = (
				D6567CA42AFF814300CE2789 /* MotorcycleListView.swift */,
				D6567CC22B015F8400CE2789 /* MotorcycleListViewModel.swift */,
			);
			path = MotorcycleListView;
			sourceTree = "<group>";
		};
		D6567C9C2AFF805C00CE2789 /* Utilities */ = {
			isa = PBXGroup;
			children = (
				D6567C9F2AFF808F00CE2789 /* Managers */,
				D6567C9E2AFF807200CE2789 /* Alerts */,
				D6567C9D2AFF806B00CE2789 /* Extensions */,
			);
			path = Utilities;
			sourceTree = "<group>";
		};
		D6567C9D2AFF806B00CE2789 /* Extensions */ = {
			isa = PBXGroup;
			children = (
			);
			path = Extensions;
			sourceTree = "<group>";
		};
		D6567C9E2AFF807200CE2789 /* Alerts */ = {
			isa = PBXGroup;
			children = (
			);
			path = Alerts;
			sourceTree = "<group>";
		};
		D6567C9F2AFF808F00CE2789 /* Managers */ = {
			isa = PBXGroup;
			children = (
			);
			path = Managers;
			sourceTree = "<group>";
		};
		D6567CA02AFF80A100CE2789 /* Models */ = {
			isa = PBXGroup;
			children = (
				D6567CBA2B00E55E00CE2789 /* Activity.swift */,
				D6567CBC2B00E60000CE2789 /* Motorcycle.swift */,
			);
			path = Models;
			sourceTree = "<group>";
		};
		D6567CA12AFF80C600CE2789 /* Views */ = {
			isa = PBXGroup;
			children = (
				D6567CB52B00070B00CE2789 /* Sheets */,
				D6567CAC2AFF8E4900CE2789 /* Cells */,
			);
			path = Views;
			sourceTree = "<group>";
		};
		D6567CAC2AFF8E4900CE2789 /* Cells */ = {
			isa = PBXGroup;
			children = (
				D6567CA82AFF85C900CE2789 /* ActivityListCell.swift */,
				D6567CAD2AFF8E6100CE2789 /* MotorcycleListCell.swift */,
			);
			path = Cells;
			sourceTree = "<group>";
		};
		D6567CAF2AFF917F00CE2789 /* MotorcycleDetailsView */ = {
			isa = PBXGroup;
			children = (
				D6567CB32B00065800CE2789 /* MotorcycleDetailsView.swift */,
			);
			path = MotorcycleDetailsView;
			sourceTree = "<group>";
		};
		D6567CB02AFF918A00CE2789 /* ActivityDetailsView */ = {
			isa = PBXGroup;
			children = (
				D6567CB12AFF91E600CE2789 /* ActivityDetailsView.swift */,
			);
			path = ActivityDetailsView;
			sourceTree = "<group>";
		};
		D6567CB52B00070B00CE2789 /* Sheets */ = {
			isa = PBXGroup;
			children = (
				D6567CB62B00072000CE2789 /* MotorcyleCreateFormSheet.swift */,
				D6567CB82B00125A00CE2789 /* ActivityCreateFormSheet.swift */,
				D6567CC02B01570D00CE2789 /* ActivityUpdateFormSheet.swift */,
				D6567CC42B01777800CE2789 /* MotorcycleUpdateFormSheet.swift */,
			);
			path = Sheets;
			sourceTree = "<group>";
		};
/* End PBXGroup section */

/* Begin PBXNativeTarget section */
		D6175B8D2AED033F00B8E7B8 /* Motomender */ = {
			isa = PBXNativeTarget;
			buildConfigurationList = D6175B9C2AED034200B8E7B8 /* Build configuration list for PBXNativeTarget "Motomender" */;
			buildPhases = (
				D6175B8A2AED033F00B8E7B8 /* Sources */,
				D6175B8B2AED033F00B8E7B8 /* Frameworks */,
				D6175B8C2AED033F00B8E7B8 /* Resources */,
			);
			buildRules = (
			);
			dependencies = (
			);
			name = Motomender;
			productName = Motomender;
			productReference = D6175B8E2AED033F00B8E7B8 /* Motomender.app */;
			productType = "com.apple.product-type.application";
		};
/* End PBXNativeTarget section */

/* Begin PBXProject section */
		D6175B862AED033F00B8E7B8 /* Project object */ = {
			isa = PBXProject;
			attributes = {
				BuildIndependentTargetsInParallel = 1;
				LastSwiftUpdateCheck = 1500;
				LastUpgradeCheck = 1500;
				TargetAttributes = {
					D6175B8D2AED033F00B8E7B8 = {
						CreatedOnToolsVersion = 15.0;
					};
				};
			};
			buildConfigurationList = D6175B892AED033F00B8E7B8 /* Build configuration list for PBXProject "Motomender" */;
			compatibilityVersion = "Xcode 14.0";
			developmentRegion = en;
			hasScannedForEncodings = 0;
			knownRegions = (
				en,
				Base,
			);
			mainGroup = D6175B852AED033F00B8E7B8;
			productRefGroup = D6175B8F2AED033F00B8E7B8 /* Products */;
			projectDirPath = "";
			projectRoot = "";
			targets = (
				D6175B8D2AED033F00B8E7B8 /* Motomender */,
			);
		};
/* End PBXProject section */

/* Begin PBXResourcesBuildPhase section */
		D6175B8C2AED033F00B8E7B8 /* Resources */ = {
			isa = PBXResourcesBuildPhase;
			buildActionMask = 2147483647;
			files = (
				D6175B992AED034200B8E7B8 /* Preview Assets.xcassets in Resources */,
				D6175B962AED034200B8E7B8 /* Assets.xcassets in Resources */,
			);
			runOnlyForDeploymentPostprocessing = 0;
		};
/* End PBXResourcesBuildPhase section */

/* Begin PBXSourcesBuildPhase section */
		D6175B8A2AED033F00B8E7B8 /* Sources */ = {
			isa = PBXSourcesBuildPhase;
			buildActionMask = 2147483647;
			files = (
				D6567CB42B00065800CE2789 /* MotorcycleDetailsView.swift in Sources */,
				D6567CC32B015F8400CE2789 /* MotorcycleListViewModel.swift in Sources */,
				D6567CBF2B00E91D00CE2789 /* ActivityListViewModel.swift in Sources */,
				D6567C972AFF7F5600CE2789 /* AccountView.swift in Sources */,
				D6567CC12B01570D00CE2789 /* ActivityUpdateFormSheet.swift in Sources */,
				D6567CAE2AFF8E6100CE2789 /* MotorcycleListCell.swift in Sources */,
				D6567CC52B01777900CE2789 /* MotorcycleUpdateFormSheet.swift in Sources */,
				D6567CBD2B00E60000CE2789 /* Motorcycle.swift in Sources */,
				D6567CB22AFF91E600CE2789 /* ActivityDetailsView.swift in Sources */,
				D6567CA72AFF832100CE2789 /* ActivityListView.swift in Sources */,
				D6567CB92B00125A00CE2789 /* ActivityCreateFormSheet.swift in Sources */,
				D6567CBB2B00E55E00CE2789 /* Activity.swift in Sources */,
				D6567CA92AFF85C900CE2789 /* ActivityListCell.swift in Sources */,
				D6567CA52AFF814300CE2789 /* MotorcycleListView.swift in Sources */,
				D6567C952AFF7EF100CE2789 /* MotomenderTabView.swift in Sources */,
				D6567CB72B00072000CE2789 /* MotorcyleCreateFormSheet.swift in Sources */,
				D6175B922AED033F00B8E7B8 /* MotomenderApp.swift in Sources */,
			);
			runOnlyForDeploymentPostprocessing = 0;
		};
/* End PBXSourcesBuildPhase section */

/* Begin XCBuildConfiguration section */
		D6175B9A2AED034200B8E7B8 /* Debug */ = {
			isa = XCBuildConfiguration;
			buildSettings = {
				ALWAYS_SEARCH_USER_PATHS = NO;
				ASSETCATALOG_COMPILER_GENERATE_SWIFT_ASSET_SYMBOL_EXTENSIONS = YES;
				CLANG_ANALYZER_NONNULL = YES;
				CLANG_ANALYZER_NUMBER_OBJECT_CONVERSION = YES_AGGRESSIVE;
				CLANG_CXX_LANGUAGE_STANDARD = "gnu++20";
				CLANG_ENABLE_MODULES = YES;
				CLANG_ENABLE_OBJC_ARC = YES;
				CLANG_ENABLE_OBJC_WEAK = YES;
				CLANG_WARN_BLOCK_CAPTURE_AUTORELEASING = YES;
				CLANG_WARN_BOOL_CONVERSION = YES;
				CLANG_WARN_COMMA = YES;
				CLANG_WARN_CONSTANT_CONVERSION = YES;
				CLANG_WARN_DEPRECATED_OBJC_IMPLEMENTATIONS = YES;
				CLANG_WARN_DIRECT_OBJC_ISA_USAGE = YES_ERROR;
				CLANG_WARN_DOCUMENTATION_COMMENTS = YES;
				CLANG_WARN_EMPTY_BODY = YES;
				CLANG_WARN_ENUM_CONVERSION = YES;
				CLANG_WARN_INFINITE_RECURSION = YES;
				CLANG_WARN_INT_CONVERSION = YES;
				CLANG_WARN_NON_LITERAL_NULL_CONVERSION = YES;
				CLANG_WARN_OBJC_IMPLICIT_RETAIN_SELF = YES;
				CLANG_WARN_OBJC_LITERAL_CONVERSION = YES;
				CLANG_WARN_OBJC_ROOT_CLASS = YES_ERROR;
				CLANG_WARN_QUOTED_INCLUDE_IN_FRAMEWORK_HEADER = YES;
				CLANG_WARN_RANGE_LOOP_ANALYSIS = YES;
				CLANG_WARN_STRICT_PROTOTYPES = YES;
				CLANG_WARN_SUSPICIOUS_MOVE = YES;
				CLANG_WARN_UNGUARDED_AVAILABILITY = YES_AGGRESSIVE;
				CLANG_WARN_UNREACHABLE_CODE = YES;
				CLANG_WARN__DUPLICATE_METHOD_MATCH = YES;
				COPY_PHASE_STRIP = NO;
				DEBUG_INFORMATION_FORMAT = dwarf;
				ENABLE_STRICT_OBJC_MSGSEND = YES;
				ENABLE_TESTABILITY = YES;
				ENABLE_USER_SCRIPT_SANDBOXING = YES;
				GCC_C_LANGUAGE_STANDARD = gnu17;
				GCC_DYNAMIC_NO_PIC = NO;
				GCC_NO_COMMON_BLOCKS = YES;
				GCC_OPTIMIZATION_LEVEL = 0;
				GCC_PREPROCESSOR_DEFINITIONS = (
					"DEBUG=1",
					"$(inherited)",
				);
				GCC_WARN_64_TO_32_BIT_CONVERSION = YES;
				GCC_WARN_ABOUT_RETURN_TYPE = YES_ERROR;
				GCC_WARN_UNDECLARED_SELECTOR = YES;
				GCC_WARN_UNINITIALIZED_AUTOS = YES_AGGRESSIVE;
				GCC_WARN_UNUSED_FUNCTION = YES;
				GCC_WARN_UNUSED_VARIABLE = YES;
				IPHONEOS_DEPLOYMENT_TARGET = 17.0;
				LOCALIZATION_PREFERS_STRING_CATALOGS = YES;
				MTL_ENABLE_DEBUG_INFO = INCLUDE_SOURCE;
				MTL_FAST_MATH = YES;
				ONLY_ACTIVE_ARCH = YES;
				SDKROOT = iphoneos;
				SWIFT_ACTIVE_COMPILATION_CONDITIONS = "DEBUG $(inherited)";
				SWIFT_OPTIMIZATION_LEVEL = "-Onone";
			};
			name = Debug;
		};
		D6175B9B2AED034200B8E7B8 /* Release */ = {
			isa = XCBuildConfiguration;
			buildSettings = {
				ALWAYS_SEARCH_USER_PATHS = NO;
				ASSETCATALOG_COMPILER_GENERATE_SWIFT_ASSET_SYMBOL_EXTENSIONS = YES;
				CLANG_ANALYZER_NONNULL = YES;
				CLANG_ANALYZER_NUMBER_OBJECT_CONVERSION = YES_AGGRESSIVE;
				CLANG_CXX_LANGUAGE_STANDARD = "gnu++20";
				CLANG_ENABLE_MODULES = YES;
				CLANG_ENABLE_OBJC_ARC = YES;
				CLANG_ENABLE_OBJC_WEAK = YES;
				CLANG_WARN_BLOCK_CAPTURE_AUTORELEASING = YES;
				CLANG_WARN_BOOL_CONVERSION = YES;
				CLANG_WARN_COMMA = YES;
				CLANG_WARN_CONSTANT_CONVERSION = YES;
				CLANG_WARN_DEPRECATED_OBJC_IMPLEMENTATIONS = YES;
				CLANG_WARN_DIRECT_OBJC_ISA_USAGE = YES_ERROR;
				CLANG_WARN_DOCUMENTATION_COMMENTS = YES;
				CLANG_WARN_EMPTY_BODY = YES;
				CLANG_WARN_ENUM_CONVERSION = YES;
				CLANG_WARN_INFINITE_RECURSION = YES;
				CLANG_WARN_INT_CONVERSION = YES;
				CLANG_WARN_NON_LITERAL_NULL_CONVERSION = YES;
				CLANG_WARN_OBJC_IMPLICIT_RETAIN_SELF = YES;
				CLANG_WARN_OBJC_LITERAL_CONVERSION = YES;
				CLANG_WARN_OBJC_ROOT_CLASS = YES_ERROR;
				CLANG_WARN_QUOTED_INCLUDE_IN_FRAMEWORK_HEADER = YES;
				CLANG_WARN_RANGE_LOOP_ANALYSIS = YES;
				CLANG_WARN_STRICT_PROTOTYPES = YES;
				CLANG_WARN_SUSPICIOUS_MOVE = YES;
				CLANG_WARN_UNGUARDED_AVAILABILITY = YES_AGGRESSIVE;
				CLANG_WARN_UNREACHABLE_CODE = YES;
				CLANG_WARN__DUPLICATE_METHOD_MATCH = YES;
				COPY_PHASE_STRIP = NO;
				DEBUG_INFORMATION_FORMAT = "dwarf-with-dsym";
				ENABLE_NS_ASSERTIONS = NO;
				ENABLE_STRICT_OBJC_MSGSEND = YES;
				ENABLE_USER_SCRIPT_SANDBOXING = YES;
				GCC_C_LANGUAGE_STANDARD = gnu17;
				GCC_NO_COMMON_BLOCKS = YES;
				GCC_WARN_64_TO_32_BIT_CONVERSION = YES;
				GCC_WARN_ABOUT_RETURN_TYPE = YES_ERROR;
				GCC_WARN_UNDECLARED_SELECTOR = YES;
				GCC_WARN_UNINITIALIZED_AUTOS = YES_AGGRESSIVE;
				GCC_WARN_UNUSED_FUNCTION = YES;
				GCC_WARN_UNUSED_VARIABLE = YES;
				IPHONEOS_DEPLOYMENT_TARGET = 17.0;
				LOCALIZATION_PREFERS_STRING_CATALOGS = YES;
				MTL_ENABLE_DEBUG_INFO = NO;
				MTL_FAST_MATH = YES;
				SDKROOT = iphoneos;
				SWIFT_COMPILATION_MODE = wholemodule;
				VALIDATE_PRODUCT = YES;
			};
			name = Release;
		};
		D6175B9D2AED034200B8E7B8 /* Debug */ = {
			isa = XCBuildConfiguration;
			buildSettings = {
				ASSETCATALOG_COMPILER_APPICON_NAME = AppIcon;
				ASSETCATALOG_COMPILER_GLOBAL_ACCENT_COLOR_NAME = AccentColor;
				CODE_SIGN_STYLE = Automatic;
				CURRENT_PROJECT_VERSION = 1;
				DEVELOPMENT_ASSET_PATHS = "\"Motomender/Preview Content\"";
				DEVELOPMENT_TEAM = 4JT2ZGM2FC;
				ENABLE_PREVIEWS = YES;
				GENERATE_INFOPLIST_FILE = YES;
				INFOPLIST_KEY_UIApplicationSceneManifest_Generation = YES;
				INFOPLIST_KEY_UIApplicationSupportsIndirectInputEvents = YES;
				INFOPLIST_KEY_UILaunchScreen_Generation = YES;
				INFOPLIST_KEY_UISupportedInterfaceOrientations_iPad = "UIInterfaceOrientationPortrait UIInterfaceOrientationPortraitUpsideDown UIInterfaceOrientationLandscapeLeft UIInterfaceOrientationLandscapeRight";
				INFOPLIST_KEY_UISupportedInterfaceOrientations_iPhone = "UIInterfaceOrientationPortrait UIInterfaceOrientationLandscapeLeft UIInterfaceOrientationLandscapeRight";
				LD_RUNPATH_SEARCH_PATHS = (
					"$(inherited)",
					"@executable_path/Frameworks",
				);
				MARKETING_VERSION = 1.0;
				PRODUCT_BUNDLE_IDENTIFIER = cata.Motomender;
				PRODUCT_NAME = "$(TARGET_NAME)";
				SWIFT_EMIT_LOC_STRINGS = YES;
				SWIFT_VERSION = 5.0;
				TARGETED_DEVICE_FAMILY = "1,2";
			};
			name = Debug;
		};
		D6175B9E2AED034200B8E7B8 /* Release */ = {
			isa = XCBuildConfiguration;
			buildSettings = {
				ASSETCATALOG_COMPILER_APPICON_NAME = AppIcon;
				ASSETCATALOG_COMPILER_GLOBAL_ACCENT_COLOR_NAME = AccentColor;
				CODE_SIGN_STYLE = Automatic;
				CURRENT_PROJECT_VERSION = 1;
				DEVELOPMENT_ASSET_PATHS = "\"Motomender/Preview Content\"";
				DEVELOPMENT_TEAM = 4JT2ZGM2FC;
				ENABLE_PREVIEWS = YES;
				GENERATE_INFOPLIST_FILE = YES;
				INFOPLIST_KEY_UIApplicationSceneManifest_Generation = YES;
				INFOPLIST_KEY_UIApplicationSupportsIndirectInputEvents = YES;
				INFOPLIST_KEY_UILaunchScreen_Generation = YES;
				INFOPLIST_KEY_UISupportedInterfaceOrientations_iPad = "UIInterfaceOrientationPortrait UIInterfaceOrientationPortraitUpsideDown UIInterfaceOrientationLandscapeLeft UIInterfaceOrientationLandscapeRight";
				INFOPLIST_KEY_UISupportedInterfaceOrientations_iPhone = "UIInterfaceOrientationPortrait UIInterfaceOrientationLandscapeLeft UIInterfaceOrientationLandscapeRight";
				LD_RUNPATH_SEARCH_PATHS = (
					"$(inherited)",
					"@executable_path/Frameworks",
				);
				MARKETING_VERSION = 1.0;
				PRODUCT_BUNDLE_IDENTIFIER = cata.Motomender;
				PRODUCT_NAME = "$(TARGET_NAME)";
				SWIFT_EMIT_LOC_STRINGS = YES;
				SWIFT_VERSION = 5.0;
				TARGETED_DEVICE_FAMILY = "1,2";
			};
			name = Release;
		};
/* End XCBuildConfiguration section */

/* Begin XCConfigurationList section */
		D6175B892AED033F00B8E7B8 /* Build configuration list for PBXProject "Motomender" */ = {
			isa = XCConfigurationList;
			buildConfigurations = (
				D6175B9A2AED034200B8E7B8 /* Debug */,
				D6175B9B2AED034200B8E7B8 /* Release */,
			);
			defaultConfigurationIsVisible = 0;
			defaultConfigurationName = Release;
		};
		D6175B9C2AED034200B8E7B8 /* Build configuration list for PBXNativeTarget "Motomender" */ = {
			isa = XCConfigurationList;
			buildConfigurations = (
				D6175B9D2AED034200B8E7B8 /* Debug */,
				D6175B9E2AED034200B8E7B8 /* Release */,
			);
			defaultConfigurationIsVisible = 0;
			defaultConfigurationName = Release;
		};
/* End XCConfigurationList section */
	};
	rootObject = D6175B862AED033F00B8E7B8 /* Project object */;
}
